
Microsoft Visual Studio Solution File, Format Version 12.00
# Visual Studio Version 16
VisualStudioVersion = 16.0.29418.71
MinimumVisualStudioVersion = 10.0.40219.1
Project("{9A19103F-16F7-4668-BE54-9A1E7A4F7556}") = "CoreCodedChatbot.Web", "CoreCodedChatbot.Web\CoreCodedChatbot.Web.csproj", "{93FBF333-A57A-4870-BA71-10AC37734884}"
EndProject
Project("{9A19103F-16F7-4668-BE54-9A1E7A4F7556}") = "CoreCodedChatbot.WebApp", "CoreCodedChatbot.WebApp\CoreCodedChatbot.WebApp.csproj", "{25F1DAD9-DFE4-4B5B-B25F-3903D47131C1}"
EndProject
Project("{2150E333-8FDC-42A3-9474-1A3956D46DE8}") = "Solution Items", "Solution Items", "{B2536215-7F83-4CB9-859C-F4A0B2ED086E}"
	ProjectSection(SolutionItems) = preProject
		..\.gitignore = ..\.gitignore
	EndProjectSection
EndProject
Global
	GlobalSection(SolutionConfigurationPlatforms) = preSolution
		Debug|Any CPU = Debug|Any CPU
		Release|Any CPU = Release|Any CPU
	EndGlobalSection
	GlobalSection(ProjectConfigurationPlatforms) = postSolution
		{93FBF333-A57A-4870-BA71-10AC37734884}.Debug|Any CPU.ActiveCfg = Debug|Any CPU
		{93FBF333-A57A-4870-BA71-10AC37734884}.Debug|Any CPU.Build.0 = Debug|Any CPU
		{93FBF333-A57A-4870-BA71-10AC37734884}.Release|Any CPU.ActiveCfg = Release|Any CPU
		{93FBF333-A57A-4870-BA71-10AC37734884}.Release|Any CPU.Build.0 = Release|Any CPU
		{25F1DAD9-DFE4-4B5B-B25F-3903D47131C1}.Debug|Any CPU.ActiveCfg = Debug|Any CPU
		{25F1DAD9-DFE4-4B5B-B25F-3903D47131C1}.Debug|Any CPU.Build.0 = Debug|Any CPU
		{25F1DAD9-DFE4-4B5B-B25F-3903D47131C1}.Release|Any CPU.ActiveCfg = Release|Any CPU
		{25F1DAD9-DFE4-4B5B-B25F-3903D47131C1}.Release|Any CPU.Build.0 = Release|Any CPU
	EndGlobalSection
	GlobalSection(SolutionProperties) = preSolution
		HideSolutionNode = FALSE
	EndGlobalSection
	GlobalSection(ExtensibilityGlobals) = postSolution
		SolutionGuid = {5F6D6C5D-3FE1-4518-9011-F06C41AFE374}
	EndGlobalSection
EndGlobal
